{
  "version": 4,
  "terraform_version": "1.9.8",
  "serial": 188,
  "lineage": "91cb45fe-05ae-6ff6-fbaa-1b5cbc3036ad",
  "outputs": {},
  "resources": [
    {
      "mode": "data",
      "type": "archive_file",
      "name": "lambda_with_dependencies",
      "provider": "provider[\"registry.terraform.io/hashicorp/archive\"]",
      "instances": [
        {
          "schema_version": 0,
          "attributes": {
            "exclude_symlink_directories": null,
            "excludes": null,
            "id": "92ec8d365c99d161599cf007dea25107fd209dac",
            "output_base64sha256": "rvP/2VwDxq6zyCyXnHzjAtyL2QnAUCtz27IFj5G0Qa4=",
            "output_base64sha512": "A1Fz0eK5pbEDXdhEvXXQ939mz3iHGuh7V5pIwQtZSwrMOt4+ODJGp5t8bAs18w7Au223WNR0oNuQtAJHmPS3iA==",
            "output_file_mode": null,
            "output_md5": "f768c459933819697ab499c8df2eacee",
            "output_path": "lambda/test-dev-lambda.zip",
            "output_sha": "92ec8d365c99d161599cf007dea25107fd209dac",
            "output_sha256": "aef3ffd95c03c6aeb3c82c979c7ce302dc8bd909c0502b73dbb2058f91b441ae",
            "output_sha512": "035173d1e2b9a5b1035dd844bd75d0f77f66cf78871ae87b579a48c10b594b0acc3ade3e383246a79b7c6c0b35f30ec0bb6db758d474a0db90b4024798f4b788",
            "output_size": 411,
            "source": [],
            "source_content": null,
            "source_content_filename": null,
            "source_dir": "lambda/",
            "source_file": null,
            "type": "zip"
          },
          "sensitive_attributes": []
        }
      ]
    },
    {
      "mode": "data",
      "type": "template_file",
      "name": "gateway_policy",
      "provider": "provider[\"registry.terraform.io/hashicorp/template\"]",
      "instances": [
        {
          "schema_version": 0,
          "attributes": {
            "filename": null,
            "id": "c56997bff052a765d2772d38686daf5cd87b8c6974a66d304519e2e0afa2a3aa",
            "rendered": "{\r\n    \"Version\": \"2012-10-17\",\r\n    \"Statement\": [\r\n      {\r\n        \"Effect\": \"Allow\",\r\n        \"Action\": [\r\n          \"logs:CreateLogGroup\",\r\n          \"logs:CreateLogStream\",\r\n          \"logs:DescribeLogGroups\",\r\n          \"logs:DescribeLogStreams\",\r\n          \"logs:PutLogEvents\",\r\n          \"logs:GetLogEvents\",\r\n          \"logs:FilterLogEvents\"\r\n        ],\r\n        \"Resource\": \"*\"\r\n      },\r\n      {\r\n        \"Effect\": \"Allow\",\r\n        \"Action\": [\r\n          \"sqs:GetQueueUrl\",\r\n          \"sqs:ChangeMessageVisibility\",\r\n          \"sqs:ListDeadLetterSourceQueues\",\r\n          \"sqs:SendMessageBatch\",\r\n          \"sqs:PurgeQueue\",\r\n          \"sqs:ReceiveMessage\",\r\n          \"sqs:SendMessage\",\r\n          \"sqs:GetQueueAttributes\",\r\n          \"sqs:CreateQueue\",\r\n          \"sqs:ListQueueTags\",\r\n          \"sqs:ChangeMessageVisibilityBatch\",\r\n          \"sqs:SetQueueAttributes\"\r\n        ],\r\n        \"Resource\": \"arn:aws:sqs:us-east-1:677276073431:apigateway-queue\"\r\n      },\r\n      {\r\n        \"Effect\": \"Allow\",\r\n        \"Action\": \"sqs:ListQueues\",\r\n        \"Resource\": \"*\"\r\n      }      \r\n    ]\r\n}",
            "template": "{\r\n    \"Version\": \"2012-10-17\",\r\n    \"Statement\": [\r\n      {\r\n        \"Effect\": \"Allow\",\r\n        \"Action\": [\r\n          \"logs:CreateLogGroup\",\r\n          \"logs:CreateLogStream\",\r\n          \"logs:DescribeLogGroups\",\r\n          \"logs:DescribeLogStreams\",\r\n          \"logs:PutLogEvents\",\r\n          \"logs:GetLogEvents\",\r\n          \"logs:FilterLogEvents\"\r\n        ],\r\n        \"Resource\": \"*\"\r\n      },\r\n      {\r\n        \"Effect\": \"Allow\",\r\n        \"Action\": [\r\n          \"sqs:GetQueueUrl\",\r\n          \"sqs:ChangeMessageVisibility\",\r\n          \"sqs:ListDeadLetterSourceQueues\",\r\n          \"sqs:SendMessageBatch\",\r\n          \"sqs:PurgeQueue\",\r\n          \"sqs:ReceiveMessage\",\r\n          \"sqs:SendMessage\",\r\n          \"sqs:GetQueueAttributes\",\r\n          \"sqs:CreateQueue\",\r\n          \"sqs:ListQueueTags\",\r\n          \"sqs:ChangeMessageVisibilityBatch\",\r\n          \"sqs:SetQueueAttributes\"\r\n        ],\r\n        \"Resource\": \"${sqs_arn}\"\r\n      },\r\n      {\r\n        \"Effect\": \"Allow\",\r\n        \"Action\": \"sqs:ListQueues\",\r\n        \"Resource\": \"*\"\r\n      }      \r\n    ]\r\n}",
            "vars": {
              "sqs_arn": "arn:aws:sqs:us-east-1:677276073431:apigateway-queue"
            }
          },
          "sensitive_attributes": []
        }
      ]
    },
    {
      "mode": "data",
      "type": "template_file",
      "name": "lambda_policy",
      "provider": "provider[\"registry.terraform.io/hashicorp/template\"]",
      "instances": [
        {
          "schema_version": 0,
          "attributes": {
            "filename": null,
            "id": "67a52b1ad61f3dfbe9ae75c1e44bbb378a0f2431c1df3184542f7a6b99a8172e",
            "rendered": "{\r\n    \"Version\": \"2012-10-17\",\r\n    \"Statement\": [\r\n        {\r\n          \"Action\": [\r\n              \"sqs:DeleteMessage\",\r\n              \"sqs:ReceiveMessage\",\r\n              \"sqs:GetQueueAttributes\"\r\n          ],\r\n          \"Resource\": \"arn:aws:sqs:us-east-1:677276073431:apigateway-queue\",\r\n          \"Effect\": \"Allow\"\r\n      },\r\n      {\r\n        \"Action\": [\r\n            \"logs:CreateLogGroup\",\r\n            \"logs:CreateLogStream\",\r\n            \"logs:PutLogEvents\"\r\n        ],\r\n        \"Resource\": \"arn:aws:logs:*:*:*\",\r\n        \"Effect\": \"Allow\"\r\n      }\r\n    ]\r\n  }",
            "template": "{\r\n    \"Version\": \"2012-10-17\",\r\n    \"Statement\": [\r\n        {\r\n          \"Action\": [\r\n              \"sqs:DeleteMessage\",\r\n              \"sqs:ReceiveMessage\",\r\n              \"sqs:GetQueueAttributes\"\r\n          ],\r\n          \"Resource\": \"${sqs_arn}\",\r\n          \"Effect\": \"Allow\"\r\n      },\r\n      {\r\n        \"Action\": [\r\n            \"logs:CreateLogGroup\",\r\n            \"logs:CreateLogStream\",\r\n            \"logs:PutLogEvents\"\r\n        ],\r\n        \"Resource\": \"arn:aws:logs:*:*:*\",\r\n        \"Effect\": \"Allow\"\r\n      }\r\n    ]\r\n  }",
            "vars": {
              "sqs_arn": "arn:aws:sqs:us-east-1:677276073431:apigateway-queue"
            }
          },
          "sensitive_attributes": []
        }
      ]
    },
    {
      "mode": "managed",
      "type": "aws_api_gateway_api_key",
      "name": "mykey",
      "provider": "provider[\"registry.terraform.io/hashicorp/aws\"]",
      "instances": [
        {
          "schema_version": 0,
          "attributes": {
            "arn": "arn:aws:apigateway:us-east-1::/apikeys/pgp5y6mv90",
            "created_date": "2024-11-25T16:32:28Z",
            "customer_id": "",
            "description": "Managed by Terraform",
            "enabled": true,
            "id": "pgp5y6mv90",
            "last_updated_date": "2024-11-25T16:32:28Z",
            "name": "my_key",
            "tags": null,
            "tags_all": {},
            "value": "Zw06H0g0S76QJY9H2BTA61maZ1IVYT4a8HPNktqK"
          },
          "sensitive_attributes": [
            [
              {
                "type": "get_attr",
                "value": "value"
              }
            ]
          ],
          "private": "bnVsbA=="
        }
      ]
    },
    {
      "mode": "managed",
      "type": "aws_api_gateway_deployment",
      "name": "api",
      "provider": "provider[\"registry.terraform.io/hashicorp/aws\"]",
      "instances": [
        {
          "schema_version": 0,
          "attributes": {
            "canary_settings": [],
            "created_date": "2024-11-25T16:33:03Z",
            "description": "",
            "execution_arn": "arn:aws:execute-api:us-east-1:677276073431:2igt9hhork/",
            "id": "7z855m",
            "invoke_url": "https://2igt9hhork.execute-api.us-east-1.amazonaws.com/",
            "rest_api_id": "2igt9hhork",
            "stage_description": null,
            "stage_name": null,
            "triggers": null,
            "variables": null
          },
          "sensitive_attributes": [],
          "private": "bnVsbA==",
          "dependencies": [
            "aws_api_gateway_integration.api",
            "aws_api_gateway_method.method_form_score",
            "aws_api_gateway_model.my_model",
            "aws_api_gateway_request_validator.validator_query",
            "aws_api_gateway_resource.form_score",
            "aws_api_gateway_rest_api.apiGateway",
            "aws_iam_policy.api_policy",
            "aws_iam_role.apiSQS",
            "aws_iam_role_policy_attachment.api_exec_role",
            "aws_sqs_queue.queue",
            "data.template_file.gateway_policy"
          ],
          "create_before_destroy": true
        }
      ]
    },
    {
      "mode": "managed",
      "type": "aws_api_gateway_integration",
      "name": "api",
      "provider": "provider[\"registry.terraform.io/hashicorp/aws\"]",
      "instances": [
        {
          "schema_version": 0,
          "attributes": {
            "cache_key_parameters": null,
            "cache_namespace": "0pjrni",
            "connection_id": "",
            "connection_type": "INTERNET",
            "content_handling": "",
            "credentials": "arn:aws:iam::677276073431:role/apigateway_sqs",
            "http_method": "POST",
            "id": "agi-2igt9hhork-0pjrni-POST",
            "integration_http_method": "POST",
            "passthrough_behavior": "WHEN_NO_MATCH",
            "request_parameters": {
              "integration.request.header.Content-Type": "'application/x-www-form-urlencoded'"
            },
            "request_templates": {
              "application/json": "Action=SendMessage\u0026MessageBody={\r\n  \"method\": \"$context.httpMethod\",\r\n  \"body-json\" : $input.json('$'),\r\n  \"queryParams\": {\r\n    #foreach($param in $input.params().querystring.keySet())\r\n    \"$param\": \"$util.escapeJavaScript($input.params().querystring.get($param))\" #if($foreach.hasNext),#end\r\n\r\n  #end\r\n  },\r\n  \"pathParams\": {\r\n    #foreach($param in $input.params().path.keySet())\r\n    \"$param\": \"$util.escapeJavaScript($input.params().path.get($param))\" #if($foreach.hasNext),#end\r\n    #end\r\n  }\r\n}\"\r\n"
            },
            "resource_id": "0pjrni",
            "rest_api_id": "2igt9hhork",
            "timeout_milliseconds": 29000,
            "tls_config": [],
            "type": "AWS",
            "uri": "arn:aws:apigateway:us-east-1:sqs:path/apigateway-queue"
          },
          "sensitive_attributes": [],
          "private": "bnVsbA==",
          "dependencies": [
            "aws_api_gateway_method.method_form_score",
            "aws_api_gateway_model.my_model",
            "aws_api_gateway_request_validator.validator_query",
            "aws_api_gateway_resource.form_score",
            "aws_api_gateway_rest_api.apiGateway",
            "aws_iam_policy.api_policy",
            "aws_iam_role.apiSQS",
            "aws_iam_role_policy_attachment.api_exec_role",
            "aws_sqs_queue.queue",
            "data.template_file.gateway_policy"
          ],
          "create_before_destroy": true
        }
      ]
    },
    {
      "mode": "managed",
      "type": "aws_api_gateway_integration_response",
      "name": "http200",
      "provider": "provider[\"registry.terraform.io/hashicorp/aws\"]",
      "instances": [
        {
          "schema_version": 0,
          "attributes": {
            "content_handling": "",
            "http_method": "POST",
            "id": "agir-2igt9hhork-0pjrni-POST-200",
            "resource_id": "0pjrni",
            "response_parameters": null,
            "response_templates": null,
            "rest_api_id": "2igt9hhork",
            "selection_pattern": "^2[0-9][0-9]",
            "status_code": "200"
          },
          "sensitive_attributes": [],
          "private": "bnVsbA==",
          "dependencies": [
            "aws_api_gateway_integration.api",
            "aws_api_gateway_method.method_form_score",
            "aws_api_gateway_method_response.http200",
            "aws_api_gateway_model.my_model",
            "aws_api_gateway_request_validator.validator_query",
            "aws_api_gateway_resource.form_score",
            "aws_api_gateway_rest_api.apiGateway",
            "aws_iam_policy.api_policy",
            "aws_iam_role.apiSQS",
            "aws_iam_role_policy_attachment.api_exec_role",
            "aws_sqs_queue.queue",
            "data.template_file.gateway_policy"
          ]
        }
      ]
    },
    {
      "mode": "managed",
      "type": "aws_api_gateway_method",
      "name": "method_form_score",
      "provider": "provider[\"registry.terraform.io/hashicorp/aws\"]",
      "instances": [
        {
          "schema_version": 0,
          "attributes": {
            "api_key_required": true,
            "authorization": "NONE",
            "authorization_scopes": null,
            "authorizer_id": null,
            "http_method": "POST",
            "id": "agm-2igt9hhork-0pjrni-POST",
            "operation_name": null,
            "request_models": {
              "application/json": "validateBody"
            },
            "request_parameters": {
              "method.request.path.proxy": false,
              "method.request.querystring.unity": true
            },
            "request_validator_id": "tmju1z",
            "resource_id": "0pjrni",
            "rest_api_id": "2igt9hhork"
          },
          "sensitive_attributes": [],
          "private": "bnVsbA==",
          "dependencies": [
            "aws_api_gateway_model.my_model",
            "aws_api_gateway_request_validator.validator_query",
            "aws_api_gateway_resource.form_score",
            "aws_api_gateway_rest_api.apiGateway"
          ],
          "create_before_destroy": true
        }
      ]
    },
    {
      "mode": "managed",
      "type": "aws_api_gateway_method_response",
      "name": "http200",
      "provider": "provider[\"registry.terraform.io/hashicorp/aws\"]",
      "instances": [
        {
          "schema_version": 0,
          "attributes": {
            "http_method": "POST",
            "id": "agmr-2igt9hhork-0pjrni-POST-200",
            "resource_id": "0pjrni",
            "response_models": null,
            "response_parameters": null,
            "rest_api_id": "2igt9hhork",
            "status_code": "200"
          },
          "sensitive_attributes": [],
          "private": "bnVsbA==",
          "dependencies": [
            "aws_api_gateway_method.method_form_score",
            "aws_api_gateway_model.my_model",
            "aws_api_gateway_request_validator.validator_query",
            "aws_api_gateway_resource.form_score",
            "aws_api_gateway_rest_api.apiGateway"
          ]
        }
      ]
    },
    {
      "mode": "managed",
      "type": "aws_api_gateway_model",
      "name": "my_model",
      "provider": "provider[\"registry.terraform.io/hashicorp/aws\"]",
      "instances": [
        {
          "schema_version": 0,
          "attributes": {
            "content_type": "application/json",
            "description": "a JSON schema",
            "id": "kv4was",
            "name": "validateBody",
            "rest_api_id": "2igt9hhork",
            "schema": "{\"$schema\":\"http://json-schema.org/draft-04/schema#\",\"properties\":{\"message\":{\"type\":\"string\"}},\"required\":[\"message\"],\"title\":\"validateTheBody\",\"type\":\"object\"}"
          },
          "sensitive_attributes": [],
          "private": "bnVsbA==",
          "dependencies": [
            "aws_api_gateway_rest_api.apiGateway"
          ],
          "create_before_destroy": true
        }
      ]
    },
    {
      "mode": "managed",
      "type": "aws_api_gateway_request_validator",
      "name": "validator_query",
      "provider": "provider[\"registry.terraform.io/hashicorp/aws\"]",
      "instances": [
        {
          "schema_version": 0,
          "attributes": {
            "id": "tmju1z",
            "name": "queryValidator",
            "rest_api_id": "2igt9hhork",
            "validate_request_body": true,
            "validate_request_parameters": true
          },
          "sensitive_attributes": [],
          "private": "bnVsbA==",
          "dependencies": [
            "aws_api_gateway_rest_api.apiGateway"
          ],
          "create_before_destroy": true
        }
      ]
    },
    {
      "mode": "managed",
      "type": "aws_api_gateway_resource",
      "name": "form_score",
      "provider": "provider[\"registry.terraform.io/hashicorp/aws\"]",
      "instances": [
        {
          "schema_version": 0,
          "attributes": {
            "id": "0pjrni",
            "parent_id": "3zrrnxl733",
            "path": "/form-score",
            "path_part": "form-score",
            "rest_api_id": "2igt9hhork"
          },
          "sensitive_attributes": [],
          "private": "bnVsbA==",
          "dependencies": [
            "aws_api_gateway_rest_api.apiGateway"
          ],
          "create_before_destroy": true
        }
      ]
    },
    {
      "mode": "managed",
      "type": "aws_api_gateway_rest_api",
      "name": "apiGateway",
      "provider": "provider[\"registry.terraform.io/hashicorp/aws\"]",
      "instances": [
        {
          "schema_version": 0,
          "attributes": {
            "api_key_source": "HEADER",
            "arn": "arn:aws:apigateway:us-east-1::/restapis/2igt9hhork",
            "binary_media_types": [],
            "body": null,
            "created_date": "2024-11-25T16:32:29Z",
            "description": "POST records to SQS queue",
            "disable_execute_api_endpoint": false,
            "endpoint_configuration": [
              {
                "types": [
                  "EDGE"
                ],
                "vpc_endpoint_ids": []
              }
            ],
            "execution_arn": "arn:aws:execute-api:us-east-1:677276073431:2igt9hhork",
            "fail_on_warnings": null,
            "id": "2igt9hhork",
            "minimum_compression_size": "",
            "name": "api-gateway-SQS",
            "parameters": null,
            "policy": "",
            "put_rest_api_mode": null,
            "root_resource_id": "3zrrnxl733",
            "tags": null,
            "tags_all": {}
          },
          "sensitive_attributes": [],
          "private": "bnVsbA==",
          "create_before_destroy": true
        }
      ]
    },
    {
      "mode": "managed",
      "type": "aws_api_gateway_stage",
      "name": "example",
      "provider": "provider[\"registry.terraform.io/hashicorp/aws\"]",
      "instances": [
        {
          "schema_version": 0,
          "attributes": {
            "access_log_settings": [],
            "arn": "arn:aws:apigateway:us-east-1::/restapis/2igt9hhork/stages/dev",
            "cache_cluster_enabled": false,
            "cache_cluster_size": "",
            "canary_settings": [],
            "client_certificate_id": "",
            "deployment_id": "7z855m",
            "description": "",
            "documentation_version": "",
            "execution_arn": "arn:aws:execute-api:us-east-1:677276073431:2igt9hhork/dev",
            "id": "ags-2igt9hhork-dev",
            "invoke_url": "https://2igt9hhork.execute-api.us-east-1.amazonaws.com/dev",
            "rest_api_id": "2igt9hhork",
            "stage_name": "dev",
            "tags": null,
            "tags_all": {},
            "variables": null,
            "web_acl_arn": "",
            "xray_tracing_enabled": false
          },
          "sensitive_attributes": [],
          "private": "bnVsbA==",
          "dependencies": [
            "aws_api_gateway_deployment.api",
            "aws_api_gateway_integration.api",
            "aws_api_gateway_method.method_form_score",
            "aws_api_gateway_model.my_model",
            "aws_api_gateway_request_validator.validator_query",
            "aws_api_gateway_resource.form_score",
            "aws_api_gateway_rest_api.apiGateway",
            "aws_iam_policy.api_policy",
            "aws_iam_role.apiSQS",
            "aws_iam_role_policy_attachment.api_exec_role",
            "aws_sqs_queue.queue",
            "data.template_file.gateway_policy"
          ]
        }
      ]
    },
    {
      "mode": "managed",
      "type": "aws_api_gateway_usage_plan",
      "name": "myusageplan",
      "provider": "provider[\"registry.terraform.io/hashicorp/aws\"]",
      "instances": [
        {
          "schema_version": 0,
          "attributes": {
            "api_stages": [],
            "arn": "arn:aws:apigateway:us-east-1::/usageplans/fl70yn",
            "description": "",
            "id": "fl70yn",
            "name": "my_usage_plan",
            "product_code": "",
            "quota_settings": [],
            "tags": null,
            "tags_all": {},
            "throttle_settings": []
          },
          "sensitive_attributes": [],
          "private": "bnVsbA=="
        }
      ]
    },
    {
      "mode": "managed",
      "type": "aws_api_gateway_usage_plan_key",
      "name": "main",
      "provider": "provider[\"registry.terraform.io/hashicorp/aws\"]",
      "instances": [
        {
          "schema_version": 0,
          "attributes": {
            "id": "pgp5y6mv90",
            "key_id": "pgp5y6mv90",
            "key_type": "API_KEY",
            "name": "my_key",
            "usage_plan_id": "fl70yn",
            "value": "Zw06H0g0S76QJY9H2BTA61maZ1IVYT4a8HPNktqK"
          },
          "sensitive_attributes": [],
          "private": "bnVsbA==",
          "dependencies": [
            "aws_api_gateway_api_key.mykey",
            "aws_api_gateway_usage_plan.myusageplan"
          ]
        }
      ]
    },
    {
      "mode": "managed",
      "type": "aws_iam_policy",
      "name": "api_policy",
      "provider": "provider[\"registry.terraform.io/hashicorp/aws\"]",
      "instances": [
        {
          "schema_version": 0,
          "attributes": {
            "arn": "arn:aws:iam::677276073431:policy/api-sqs-cloudwatch-policy",
            "attachment_count": 0,
            "description": "",
            "id": "arn:aws:iam::677276073431:policy/api-sqs-cloudwatch-policy",
            "name": "api-sqs-cloudwatch-policy",
            "name_prefix": "",
            "path": "/",
            "policy": "{\"Statement\":[{\"Action\":[\"logs:CreateLogGroup\",\"logs:CreateLogStream\",\"logs:DescribeLogGroups\",\"logs:DescribeLogStreams\",\"logs:PutLogEvents\",\"logs:GetLogEvents\",\"logs:FilterLogEvents\"],\"Effect\":\"Allow\",\"Resource\":\"*\"},{\"Action\":[\"sqs:GetQueueUrl\",\"sqs:ChangeMessageVisibility\",\"sqs:ListDeadLetterSourceQueues\",\"sqs:SendMessageBatch\",\"sqs:PurgeQueue\",\"sqs:ReceiveMessage\",\"sqs:SendMessage\",\"sqs:GetQueueAttributes\",\"sqs:CreateQueue\",\"sqs:ListQueueTags\",\"sqs:ChangeMessageVisibilityBatch\",\"sqs:SetQueueAttributes\"],\"Effect\":\"Allow\",\"Resource\":\"arn:aws:sqs:us-east-1:677276073431:apigateway-queue\"},{\"Action\":\"sqs:ListQueues\",\"Effect\":\"Allow\",\"Resource\":\"*\"}],\"Version\":\"2012-10-17\"}",
            "policy_id": "ANPAZ3MGMXXL4VYZDA5EF",
            "tags": null,
            "tags_all": {}
          },
          "sensitive_attributes": [],
          "private": "bnVsbA==",
          "dependencies": [
            "aws_sqs_queue.queue",
            "data.template_file.gateway_policy"
          ],
          "create_before_destroy": true
        }
      ]
    },
    {
      "mode": "managed",
      "type": "aws_iam_policy",
      "name": "lambda_sqs_policy",
      "provider": "provider[\"registry.terraform.io/hashicorp/aws\"]",
      "instances": [
        {
          "schema_version": 0,
          "attributes": {
            "arn": "arn:aws:iam::677276073431:policy/lambda_policy_db",
            "attachment_count": 0,
            "description": "IAM policy for lambda Being invoked by SQS",
            "id": "arn:aws:iam::677276073431:policy/lambda_policy_db",
            "name": "lambda_policy_db",
            "name_prefix": "",
            "path": "/",
            "policy": "{\"Statement\":[{\"Action\":[\"sqs:DeleteMessage\",\"sqs:ReceiveMessage\",\"sqs:GetQueueAttributes\"],\"Effect\":\"Allow\",\"Resource\":\"arn:aws:sqs:us-east-1:677276073431:apigateway-queue\"},{\"Action\":[\"logs:CreateLogGroup\",\"logs:CreateLogStream\",\"logs:PutLogEvents\"],\"Effect\":\"Allow\",\"Resource\":\"arn:aws:logs:*:*:*\"}],\"Version\":\"2012-10-17\"}",
            "policy_id": "ANPAZ3MGMXXLUUQG53NKI",
            "tags": null,
            "tags_all": {}
          },
          "sensitive_attributes": [],
          "private": "bnVsbA==",
          "dependencies": [
            "aws_sqs_queue.queue",
            "data.template_file.lambda_policy"
          ]
        }
      ]
    },
    {
      "mode": "managed",
      "type": "aws_iam_role",
      "name": "apiSQS",
      "provider": "provider[\"registry.terraform.io/hashicorp/aws\"]",
      "instances": [
        {
          "schema_version": 0,
          "attributes": {
            "arn": "arn:aws:iam::677276073431:role/apigateway_sqs",
            "assume_role_policy": "{\"Statement\":[{\"Action\":\"sts:AssumeRole\",\"Effect\":\"Allow\",\"Principal\":{\"Service\":\"apigateway.amazonaws.com\"},\"Sid\":\"\"}],\"Version\":\"2012-10-17\"}",
            "create_date": "2024-11-25T16:32:29Z",
            "description": "",
            "force_detach_policies": false,
            "id": "apigateway_sqs",
            "inline_policy": [],
            "managed_policy_arns": [],
            "max_session_duration": 3600,
            "name": "apigateway_sqs",
            "name_prefix": "",
            "path": "/",
            "permissions_boundary": "",
            "tags": null,
            "tags_all": {},
            "unique_id": "AROAZ3MGMXXL54R74UJEA"
          },
          "sensitive_attributes": [],
          "private": "bnVsbA==",
          "create_before_destroy": true
        }
      ]
    },
    {
      "mode": "managed",
      "type": "aws_iam_role",
      "name": "lambda_exec_role",
      "provider": "provider[\"registry.terraform.io/hashicorp/aws\"]",
      "instances": [
        {
          "schema_version": 0,
          "attributes": {
            "arn": "arn:aws:iam::677276073431:role/test-lambda-db",
            "assume_role_policy": "{\"Statement\":[{\"Action\":\"sts:AssumeRole\",\"Effect\":\"Allow\",\"Principal\":{\"Service\":\"lambda.amazonaws.com\"},\"Sid\":\"\"}],\"Version\":\"2012-10-17\"}",
            "create_date": "2024-11-25T16:32:29Z",
            "description": "",
            "force_detach_policies": false,
            "id": "test-lambda-db",
            "inline_policy": [],
            "managed_policy_arns": [],
            "max_session_duration": 3600,
            "name": "test-lambda-db",
            "name_prefix": "",
            "path": "/",
            "permissions_boundary": "",
            "tags": null,
            "tags_all": {},
            "unique_id": "AROAZ3MGMXXL7FMOM4JN5"
          },
          "sensitive_attributes": [],
          "private": "bnVsbA=="
        }
      ]
    },
    {
      "mode": "managed",
      "type": "aws_iam_role_policy_attachment",
      "name": "api_exec_role",
      "provider": "provider[\"registry.terraform.io/hashicorp/aws\"]",
      "instances": [
        {
          "schema_version": 0,
          "attributes": {
            "id": "apigateway_sqs-20241125163302200600000001",
            "policy_arn": "arn:aws:iam::677276073431:policy/api-sqs-cloudwatch-policy",
            "role": "apigateway_sqs"
          },
          "sensitive_attributes": [],
          "private": "bnVsbA==",
          "dependencies": [
            "aws_iam_policy.api_policy",
            "aws_iam_role.apiSQS",
            "aws_sqs_queue.queue",
            "data.template_file.gateway_policy"
          ],
          "create_before_destroy": true
        }
      ]
    },
    {
      "mode": "managed",
      "type": "aws_iam_role_policy_attachment",
      "name": "lambda_role_policy",
      "provider": "provider[\"registry.terraform.io/hashicorp/aws\"]",
      "instances": [
        {
          "schema_version": 0,
          "attributes": {
            "id": "test-lambda-db-20241125163302258700000002",
            "policy_arn": "arn:aws:iam::677276073431:policy/lambda_policy_db",
            "role": "test-lambda-db"
          },
          "sensitive_attributes": [],
          "private": "bnVsbA==",
          "dependencies": [
            "aws_iam_policy.lambda_sqs_policy",
            "aws_iam_role.lambda_exec_role",
            "aws_sqs_queue.queue",
            "data.template_file.lambda_policy"
          ]
        }
      ]
    },
    {
      "mode": "managed",
      "type": "aws_lambda_event_source_mapping",
      "name": "event_source_mapping",
      "provider": "provider[\"registry.terraform.io/hashicorp/aws\"]",
      "instances": [
        {
          "schema_version": 0,
          "attributes": {
            "amazon_managed_kafka_event_source_config": [],
            "arn": "arn:aws:lambda:us-east-1:677276073431:event-source-mapping:24d0256d-be7f-4836-8c3b-87dc6440779b",
            "batch_size": 1,
            "bisect_batch_on_function_error": false,
            "destination_config": [],
            "document_db_event_source_config": [],
            "enabled": true,
            "event_source_arn": "arn:aws:sqs:us-east-1:677276073431:apigateway-queue",
            "filter_criteria": [],
            "function_arn": "arn:aws:lambda:us-east-1:677276073431:function:test-dev-lambda",
            "function_name": "arn:aws:lambda:us-east-1:677276073431:function:test-dev-lambda",
            "function_response_types": null,
            "id": "24d0256d-be7f-4836-8c3b-87dc6440779b",
            "kms_key_arn": "",
            "last_modified": "2024-11-25T16:33:10Z",
            "last_processing_result": "",
            "maximum_batching_window_in_seconds": 0,
            "maximum_record_age_in_seconds": 0,
            "maximum_retry_attempts": 0,
            "parallelization_factor": 0,
            "queues": null,
            "scaling_config": [],
            "self_managed_event_source": [],
            "self_managed_kafka_event_source_config": [],
            "source_access_configuration": [],
            "starting_position": "",
            "starting_position_timestamp": "",
            "state": "Enabled",
            "state_transition_reason": "USER_INITIATED",
            "tags": null,
            "tags_all": {},
            "topics": null,
            "tumbling_window_in_seconds": 0,
            "uuid": "24d0256d-be7f-4836-8c3b-87dc6440779b"
          },
          "sensitive_attributes": [],
          "private": "bnVsbA==",
          "dependencies": [
            "aws_iam_policy.lambda_sqs_policy",
            "aws_iam_role.lambda_exec_role",
            "aws_iam_role_policy_attachment.lambda_role_policy",
            "aws_lambda_function.lambda_sqs",
            "aws_sqs_queue.queue",
            "data.archive_file.lambda_with_dependencies",
            "data.template_file.lambda_policy"
          ]
        }
      ]
    },
    {
      "mode": "managed",
      "type": "aws_lambda_function",
      "name": "lambda_sqs",
      "provider": "provider[\"registry.terraform.io/hashicorp/aws\"]",
      "instances": [
        {
          "schema_version": 0,
          "attributes": {
            "architectures": [
              "x86_64"
            ],
            "arn": "arn:aws:lambda:us-east-1:677276073431:function:test-dev-lambda",
            "code_sha256": "rvP/2VwDxq6zyCyXnHzjAtyL2QnAUCtz27IFj5G0Qa4=",
            "code_signing_config_arn": "",
            "dead_letter_config": [],
            "description": "",
            "environment": [],
            "ephemeral_storage": [
              {
                "size": 512
              }
            ],
            "file_system_config": [],
            "filename": "lambda/test-dev-lambda.zip",
            "function_name": "test-dev-lambda",
            "handler": "handler.lambda_handler",
            "id": "test-dev-lambda",
            "image_config": [],
            "image_uri": "",
            "invoke_arn": "arn:aws:apigateway:us-east-1:lambda:path/2015-03-31/functions/arn:aws:lambda:us-east-1:677276073431:function:test-dev-lambda/invocations",
            "kms_key_arn": "",
            "last_modified": "2024-11-25T16:33:03.503+0000",
            "layers": null,
            "logging_config": [
              {
                "application_log_level": "",
                "log_format": "Text",
                "log_group": "/aws/lambda/test-dev-lambda",
                "system_log_level": ""
              }
            ],
            "memory_size": 128,
            "package_type": "Zip",
            "publish": false,
            "qualified_arn": "arn:aws:lambda:us-east-1:677276073431:function:test-dev-lambda:$LATEST",
            "qualified_invoke_arn": "arn:aws:apigateway:us-east-1:lambda:path/2015-03-31/functions/arn:aws:lambda:us-east-1:677276073431:function:test-dev-lambda:$LATEST/invocations",
            "replace_security_groups_on_destroy": null,
            "replacement_security_group_ids": null,
            "reserved_concurrent_executions": -1,
            "role": "arn:aws:iam::677276073431:role/test-lambda-db",
            "runtime": "python3.8",
            "s3_bucket": null,
            "s3_key": null,
            "s3_object_version": null,
            "signing_job_arn": "",
            "signing_profile_version_arn": "",
            "skip_destroy": false,
            "snap_start": [],
            "source_code_hash": "rvP/2VwDxq6zyCyXnHzjAtyL2QnAUCtz27IFj5G0Qa4=",
            "source_code_size": 411,
            "tags": null,
            "tags_all": {},
            "timeout": 30,
            "timeouts": null,
            "tracing_config": [
              {
                "mode": "PassThrough"
              }
            ],
            "version": "$LATEST",
            "vpc_config": []
          },
          "sensitive_attributes": [],
          "private": "eyJlMmJmYjczMC1lY2FhLTExZTYtOGY4OC0zNDM2M2JjN2M0YzAiOnsiY3JlYXRlIjo2MDAwMDAwMDAwMDAsImRlbGV0ZSI6NjAwMDAwMDAwMDAwLCJ1cGRhdGUiOjYwMDAwMDAwMDAwMH19",
          "dependencies": [
            "aws_iam_policy.lambda_sqs_policy",
            "aws_iam_role.lambda_exec_role",
            "aws_iam_role_policy_attachment.lambda_role_policy",
            "aws_sqs_queue.queue",
            "data.archive_file.lambda_with_dependencies",
            "data.template_file.lambda_policy"
          ]
        }
      ]
    },
    {
      "mode": "managed",
      "type": "aws_lambda_permission",
      "name": "allows_sqs_to_trigger_lambda",
      "provider": "provider[\"registry.terraform.io/hashicorp/aws\"]",
      "instances": [
        {
          "schema_version": 0,
          "attributes": {
            "action": "lambda:InvokeFunction",
            "event_source_token": null,
            "function_name": "test-dev-lambda",
            "function_url_auth_type": null,
            "id": "AllowExecutionFromSQS",
            "principal": "sqs.amazonaws.com",
            "principal_org_id": null,
            "qualifier": "",
            "source_account": null,
            "source_arn": "arn:aws:sqs:us-east-1:677276073431:apigateway-queue",
            "statement_id": "AllowExecutionFromSQS",
            "statement_id_prefix": ""
          },
          "sensitive_attributes": [],
          "private": "bnVsbA==",
          "dependencies": [
            "aws_iam_policy.lambda_sqs_policy",
            "aws_iam_role.lambda_exec_role",
            "aws_iam_role_policy_attachment.lambda_role_policy",
            "aws_lambda_function.lambda_sqs",
            "aws_sqs_queue.queue",
            "data.archive_file.lambda_with_dependencies",
            "data.template_file.lambda_policy"
          ]
        }
      ]
    },
    {
      "mode": "managed",
      "type": "aws_sqs_queue",
      "name": "queue",
      "provider": "provider[\"registry.terraform.io/hashicorp/aws\"]",
      "instances": [
        {
          "schema_version": 0,
          "attributes": {
            "arn": "arn:aws:sqs:us-east-1:677276073431:apigateway-queue",
            "content_based_deduplication": false,
            "deduplication_scope": "",
            "delay_seconds": 0,
            "fifo_queue": false,
            "fifo_throughput_limit": "",
            "id": "https://sqs.us-east-1.amazonaws.com/677276073431/apigateway-queue",
            "kms_data_key_reuse_period_seconds": 300,
            "kms_master_key_id": "",
            "max_message_size": 262144,
            "message_retention_seconds": 86400,
            "name": "apigateway-queue",
            "name_prefix": "",
            "policy": "",
            "receive_wait_time_seconds": 10,
            "redrive_allow_policy": "",
            "redrive_policy": "",
            "sqs_managed_sse_enabled": true,
            "tags": {
              "Product": "test-dev"
            },
            "tags_all": {
              "Product": "test-dev"
            },
            "url": "https://sqs.us-east-1.amazonaws.com/677276073431/apigateway-queue",
            "visibility_timeout_seconds": 30
          },
          "sensitive_attributes": [],
          "private": "bnVsbA==",
          "create_before_destroy": true
        }
      ]
    }
  ],
  "check_results": null
}
